
Microsoft Visual Studio Solution File, Format Version 12.00
# Visual Studio Version 16
VisualStudioVersion = 16.0.29613.14
MinimumVisualStudioVersion = 10.0.40219.1
Project("{9A19103F-16F7-4668-BE54-9A1E7A4F7556}") = "MondoCore.Common", "MondoCore.Common\MondoCore.Common.csproj", "{5D3640DD-109E-4A32-91F1-1BC63B0B7023}"
EndProject
Project("{2150E333-8FDC-42A3-9474-1A3956D46DE8}") = "Samples", "Samples", "{AB41F162-522D-4745-B1D4-5C14051AD802}"
EndProject
Project("{9A19103F-16F7-4668-BE54-9A1E7A4F7556}") = "MondoCore.Security", "MondoCore.Security\MondoCore.Security.csproj", "{1A204098-2384-4746-BCAE-2E64A7F7AFDF}"
EndProject
Project("{9A19103F-16F7-4668-BE54-9A1E7A4F7556}") = "EncryptionSample", "Samples\EncryptionSample\EncryptionSample.csproj", "{127B7463-8FFE-4216-8DD0-509570FA92C3}"
EndProject
Project("{9A19103F-16F7-4668-BE54-9A1E7A4F7556}") = "MondoCore.Log", "MondoCore.Log\MondoCore.Log.csproj", "{94173E52-61ED-4BD1-B1DF-54C64BBBA8B6}"
EndProject
Project("{2150E333-8FDC-42A3-9474-1A3956D46DE8}") = "Solution Items", "Solution Items", "{4D396CB4-EDE6-4453-9DC9-A7BD934EDF3B}"
	ProjectSection(SolutionItems) = preProject
		.gitignore = .gitignore
		LICENSE = LICENSE
		README.md = README.md
	EndProjectSection
EndProject
Project("{2150E333-8FDC-42A3-9474-1A3956D46DE8}") = "Azure", "Azure", "{76A09074-E7D1-423F-83A5-4046C359F3C6}"
EndProject
Project("{2150E333-8FDC-42A3-9474-1A3956D46DE8}") = "Tests", "Tests", "{30398881-4E1F-4AF7-AE16-FC98B874FF20}"
EndProject
Project("{9A19103F-16F7-4668-BE54-9A1E7A4F7556}") = "MondoCore.Common.UnitTests", "Tests\MondoCore.Common.UnitTests\MondoCore.Common.UnitTests.csproj", "{86D25EB2-743C-4581-A849-2093E08BF73A}"
EndProject
Project("{9A19103F-16F7-4668-BE54-9A1E7A4F7556}") = "MondoCore.Log.UnitTests", "Tests\MondoCore.Log.UnitTests\MondoCore.Log.UnitTests.csproj", "{D80E894C-F407-45C0-8187-5B45662D4E74}"
EndProject
Project("{9A19103F-16F7-4668-BE54-9A1E7A4F7556}") = "MondoCore.Security.FunctionalTests", "Tests\MondoCore.Security.FunctionalTests\MondoCore.Security.FunctionalTests.csproj", "{52319F33-A2A0-4825-88CB-08E1B964663A}"
EndProject
Project("{9A19103F-16F7-4668-BE54-9A1E7A4F7556}") = "MondoCore.Security.UnitTests", "Tests\MondoCore.Security.UnitTests\MondoCore.Security.UnitTests.csproj", "{73061226-002F-40B2-8B4D-71D20BB66FE5}"
EndProject
Project("{2150E333-8FDC-42A3-9474-1A3956D46DE8}") = "Azure", "Azure", "{70E0683C-3B82-435A-B7B9-6C920716BB95}"
EndProject
Project("{9A19103F-16F7-4668-BE54-9A1E7A4F7556}") = "MondoCore.ApplicationInsights.FunctionalTests", "Tests\Azure\MondoCore.ApplicationInsights.FunctionalTests\MondoCore.ApplicationInsights.FunctionalTests.csproj", "{489FD640-6446-491D-8C10-F9FAE9973460}"
EndProject
Project("{9A19103F-16F7-4668-BE54-9A1E7A4F7556}") = "MondoCore.ApplicationInsights", "Azure\MondoCore.ApplicationInsights\MondoCore.ApplicationInsights.csproj", "{A5CDE91F-0745-4524-81EF-5D0FC0D94D7A}"
EndProject
Project("{9A19103F-16F7-4668-BE54-9A1E7A4F7556}") = "MondoCore.Azure.Storage", "Azure\MondoCore.Azure.Storage\MondoCore.Azure.Storage.csproj", "{30148346-BD21-4987-8F66-E601FAF150E2}"
EndProject
Project("{9A19103F-16F7-4668-BE54-9A1E7A4F7556}") = "MondoCore.Azure.Storage.FunctionalTests", "Tests\Azure\MondoCore.Azure.Storage.FunctionalTests\MondoCore.Azure.Storage.FunctionalTests.csproj", "{3A2099C7-3F94-48B5-90D5-A8867F364BE6}"
EndProject
Project("{9A19103F-16F7-4668-BE54-9A1E7A4F7556}") = "MondoCore.Common.FunctionalTests", "Tests\MondoCore.Common.FunctionalTests\MondoCore.Common.FunctionalTests.csproj", "{610D124D-A1AA-498C-8128-8049038B5432}"
EndProject
Project("{9A19103F-16F7-4668-BE54-9A1E7A4F7556}") = "MondoCore.Azure.Storage.Queue", "Azure\MondoCore.Azure.Storage.Queue\MondoCore.Azure.Storage.Queue.csproj", "{1051C9E7-79E3-4994-BD40-9EF63A323A29}"
EndProject
Project("{9A19103F-16F7-4668-BE54-9A1E7A4F7556}") = "MondoCore.Azure.Storage.Queue.FunctionalTests", "Tests\Azure\MondoCore.Azure.Storage.Queue.FunctionalTests\MondoCore.Azure.Storage.Queue.FunctionalTests.csproj", "{3F926309-3C3F-46B7-ADCF-9BC74211C6F6}"
EndProject
Project("{9A19103F-16F7-4668-BE54-9A1E7A4F7556}") = "TestHelpers", "Tests\Azure\TestHelpers\TestHelpers.csproj", "{5D173133-390C-40D9-BFC3-976208D70A8B}"
EndProject
Project("{FAE04EC0-301F-11D3-BF4B-00C04F79EFBC}") = "MondoCore.Azure.Configuration", "Azure\MondoCore.Azure.Configuration\MondoCore.Azure.Configuration.csproj", "{B05B133F-1B0C-45A2-83AA-DD40A261A767}"
EndProject
Project("{FAE04EC0-301F-11D3-BF4B-00C04F79EFBC}") = "MondoCore.Azure.Configuration.FunctionalTests", "Tests\Azure\MondoCore.Azure.Configuration.FunctionalTests\MondoCore.Azure.Configuration.FunctionalTests.csproj", "{D2CF7604-9312-4DDD-B90C-08B111189F01}"
EndProject
Global
	GlobalSection(SolutionConfigurationPlatforms) = preSolution
		Debug|Any CPU = Debug|Any CPU
		Debug|ARM = Debug|ARM
		Debug|ARM64 = Debug|ARM64
		Debug|x64 = Debug|x64
		Debug|x86 = Debug|x86
		Release|Any CPU = Release|Any CPU
		Release|ARM = Release|ARM
		Release|ARM64 = Release|ARM64
		Release|x64 = Release|x64
		Release|x86 = Release|x86
	EndGlobalSection
	GlobalSection(ProjectConfigurationPlatforms) = postSolution
		{5D3640DD-109E-4A32-91F1-1BC63B0B7023}.Debug|Any CPU.ActiveCfg = Debug|Any CPU
		{5D3640DD-109E-4A32-91F1-1BC63B0B7023}.Debug|Any CPU.Build.0 = Debug|Any CPU
		{5D3640DD-109E-4A32-91F1-1BC63B0B7023}.Debug|ARM.ActiveCfg = Debug|Any CPU
		{5D3640DD-109E-4A32-91F1-1BC63B0B7023}.Debug|ARM.Build.0 = Debug|Any CPU
		{5D3640DD-109E-4A32-91F1-1BC63B0B7023}.Debug|ARM64.ActiveCfg = Debug|Any CPU
		{5D3640DD-109E-4A32-91F1-1BC63B0B7023}.Debug|ARM64.Build.0 = Debug|Any CPU
		{5D3640DD-109E-4A32-91F1-1BC63B0B7023}.Debug|x64.ActiveCfg = Debug|Any CPU
		{5D3640DD-109E-4A32-91F1-1BC63B0B7023}.Debug|x64.Build.0 = Debug|Any CPU
		{5D3640DD-109E-4A32-91F1-1BC63B0B7023}.Debug|x86.ActiveCfg = Debug|Any CPU
		{5D3640DD-109E-4A32-91F1-1BC63B0B7023}.Debug|x86.Build.0 = Debug|Any CPU
		{5D3640DD-109E-4A32-91F1-1BC63B0B7023}.Release|Any CPU.ActiveCfg = Release|Any CPU
		{5D3640DD-109E-4A32-91F1-1BC63B0B7023}.Release|Any CPU.Build.0 = Release|Any CPU
		{5D3640DD-109E-4A32-91F1-1BC63B0B7023}.Release|ARM.ActiveCfg = Release|Any CPU
		{5D3640DD-109E-4A32-91F1-1BC63B0B7023}.Release|ARM.Build.0 = Release|Any CPU
		{5D3640DD-109E-4A32-91F1-1BC63B0B7023}.Release|ARM64.ActiveCfg = Release|Any CPU
		{5D3640DD-109E-4A32-91F1-1BC63B0B7023}.Release|ARM64.Build.0 = Release|Any CPU
		{5D3640DD-109E-4A32-91F1-1BC63B0B7023}.Release|x64.ActiveCfg = Release|Any CPU
		{5D3640DD-109E-4A32-91F1-1BC63B0B7023}.Release|x64.Build.0 = Release|Any CPU
		{5D3640DD-109E-4A32-91F1-1BC63B0B7023}.Release|x86.ActiveCfg = Release|Any CPU
		{5D3640DD-109E-4A32-91F1-1BC63B0B7023}.Release|x86.Build.0 = Release|Any CPU
		{1A204098-2384-4746-BCAE-2E64A7F7AFDF}.Debug|Any CPU.ActiveCfg = Debug|Any CPU
		{1A204098-2384-4746-BCAE-2E64A7F7AFDF}.Debug|Any CPU.Build.0 = Debug|Any CPU
		{1A204098-2384-4746-BCAE-2E64A7F7AFDF}.Debug|ARM.ActiveCfg = Debug|Any CPU
		{1A204098-2384-4746-BCAE-2E64A7F7AFDF}.Debug|ARM.Build.0 = Debug|Any CPU
		{1A204098-2384-4746-BCAE-2E64A7F7AFDF}.Debug|ARM64.ActiveCfg = Debug|Any CPU
		{1A204098-2384-4746-BCAE-2E64A7F7AFDF}.Debug|ARM64.Build.0 = Debug|Any CPU
		{1A204098-2384-4746-BCAE-2E64A7F7AFDF}.Debug|x64.ActiveCfg = Debug|Any CPU
		{1A204098-2384-4746-BCAE-2E64A7F7AFDF}.Debug|x64.Build.0 = Debug|Any CPU
		{1A204098-2384-4746-BCAE-2E64A7F7AFDF}.Debug|x86.ActiveCfg = Debug|Any CPU
		{1A204098-2384-4746-BCAE-2E64A7F7AFDF}.Debug|x86.Build.0 = Debug|Any CPU
		{1A204098-2384-4746-BCAE-2E64A7F7AFDF}.Release|Any CPU.ActiveCfg = Release|Any CPU
		{1A204098-2384-4746-BCAE-2E64A7F7AFDF}.Release|Any CPU.Build.0 = Release|Any CPU
		{1A204098-2384-4746-BCAE-2E64A7F7AFDF}.Release|ARM.ActiveCfg = Release|Any CPU
		{1A204098-2384-4746-BCAE-2E64A7F7AFDF}.Release|ARM.Build.0 = Release|Any CPU
		{1A204098-2384-4746-BCAE-2E64A7F7AFDF}.Release|ARM64.ActiveCfg = Release|Any CPU
		{1A204098-2384-4746-BCAE-2E64A7F7AFDF}.Release|ARM64.Build.0 = Release|Any CPU
		{1A204098-2384-4746-BCAE-2E64A7F7AFDF}.Release|x64.ActiveCfg = Release|Any CPU
		{1A204098-2384-4746-BCAE-2E64A7F7AFDF}.Release|x64.Build.0 = Release|Any CPU
		{1A204098-2384-4746-BCAE-2E64A7F7AFDF}.Release|x86.ActiveCfg = Release|Any CPU
		{1A204098-2384-4746-BCAE-2E64A7F7AFDF}.Release|x86.Build.0 = Release|Any CPU
		{127B7463-8FFE-4216-8DD0-509570FA92C3}.Debug|Any CPU.ActiveCfg = Debug|Any CPU
		{127B7463-8FFE-4216-8DD0-509570FA92C3}.Debug|Any CPU.Build.0 = Debug|Any CPU
		{127B7463-8FFE-4216-8DD0-509570FA92C3}.Debug|ARM.ActiveCfg = Debug|Any CPU
		{127B7463-8FFE-4216-8DD0-509570FA92C3}.Debug|ARM.Build.0 = Debug|Any CPU
		{127B7463-8FFE-4216-8DD0-509570FA92C3}.Debug|ARM64.ActiveCfg = Debug|Any CPU
		{127B7463-8FFE-4216-8DD0-509570FA92C3}.Debug|ARM64.Build.0 = Debug|Any CPU
		{127B7463-8FFE-4216-8DD0-509570FA92C3}.Debug|x64.ActiveCfg = Debug|Any CPU
		{127B7463-8FFE-4216-8DD0-509570FA92C3}.Debug|x64.Build.0 = Debug|Any CPU
		{127B7463-8FFE-4216-8DD0-509570FA92C3}.Debug|x86.ActiveCfg = Debug|Any CPU
		{127B7463-8FFE-4216-8DD0-509570FA92C3}.Debug|x86.Build.0 = Debug|Any CPU
		{127B7463-8FFE-4216-8DD0-509570FA92C3}.Release|Any CPU.ActiveCfg = Release|Any CPU
		{127B7463-8FFE-4216-8DD0-509570FA92C3}.Release|Any CPU.Build.0 = Release|Any CPU
		{127B7463-8FFE-4216-8DD0-509570FA92C3}.Release|ARM.ActiveCfg = Release|Any CPU
		{127B7463-8FFE-4216-8DD0-509570FA92C3}.Release|ARM.Build.0 = Release|Any CPU
		{127B7463-8FFE-4216-8DD0-509570FA92C3}.Release|ARM64.ActiveCfg = Release|Any CPU
		{127B7463-8FFE-4216-8DD0-509570FA92C3}.Release|ARM64.Build.0 = Release|Any CPU
		{127B7463-8FFE-4216-8DD0-509570FA92C3}.Release|x64.ActiveCfg = Release|Any CPU
		{127B7463-8FFE-4216-8DD0-509570FA92C3}.Release|x64.Build.0 = Release|Any CPU
		{127B7463-8FFE-4216-8DD0-509570FA92C3}.Release|x86.ActiveCfg = Release|Any CPU
		{127B7463-8FFE-4216-8DD0-509570FA92C3}.Release|x86.Build.0 = Release|Any CPU
		{94173E52-61ED-4BD1-B1DF-54C64BBBA8B6}.Debug|Any CPU.ActiveCfg = Debug|Any CPU
		{94173E52-61ED-4BD1-B1DF-54C64BBBA8B6}.Debug|Any CPU.Build.0 = Debug|Any CPU
		{94173E52-61ED-4BD1-B1DF-54C64BBBA8B6}.Debug|ARM.ActiveCfg = Debug|Any CPU
		{94173E52-61ED-4BD1-B1DF-54C64BBBA8B6}.Debug|ARM.Build.0 = Debug|Any CPU
		{94173E52-61ED-4BD1-B1DF-54C64BBBA8B6}.Debug|ARM64.ActiveCfg = Debug|Any CPU
		{94173E52-61ED-4BD1-B1DF-54C64BBBA8B6}.Debug|ARM64.Build.0 = Debug|Any CPU
		{94173E52-61ED-4BD1-B1DF-54C64BBBA8B6}.Debug|x64.ActiveCfg = Debug|Any CPU
		{94173E52-61ED-4BD1-B1DF-54C64BBBA8B6}.Debug|x64.Build.0 = Debug|Any CPU
		{94173E52-61ED-4BD1-B1DF-54C64BBBA8B6}.Debug|x86.ActiveCfg = Debug|Any CPU
		{94173E52-61ED-4BD1-B1DF-54C64BBBA8B6}.Debug|x86.Build.0 = Debug|Any CPU
		{94173E52-61ED-4BD1-B1DF-54C64BBBA8B6}.Release|Any CPU.ActiveCfg = Release|Any CPU
		{94173E52-61ED-4BD1-B1DF-54C64BBBA8B6}.Release|Any CPU.Build.0 = Release|Any CPU
		{94173E52-61ED-4BD1-B1DF-54C64BBBA8B6}.Release|ARM.ActiveCfg = Release|Any CPU
		{94173E52-61ED-4BD1-B1DF-54C64BBBA8B6}.Release|ARM.Build.0 = Release|Any CPU
		{94173E52-61ED-4BD1-B1DF-54C64BBBA8B6}.Release|ARM64.ActiveCfg = Release|Any CPU
		{94173E52-61ED-4BD1-B1DF-54C64BBBA8B6}.Release|ARM64.Build.0 = Release|Any CPU
		{94173E52-61ED-4BD1-B1DF-54C64BBBA8B6}.Release|x64.ActiveCfg = Release|Any CPU
		{94173E52-61ED-4BD1-B1DF-54C64BBBA8B6}.Release|x64.Build.0 = Release|Any CPU
		{94173E52-61ED-4BD1-B1DF-54C64BBBA8B6}.Release|x86.ActiveCfg = Release|Any CPU
		{94173E52-61ED-4BD1-B1DF-54C64BBBA8B6}.Release|x86.Build.0 = Release|Any CPU
		{86D25EB2-743C-4581-A849-2093E08BF73A}.Debug|Any CPU.ActiveCfg = Debug|Any CPU
		{86D25EB2-743C-4581-A849-2093E08BF73A}.Debug|Any CPU.Build.0 = Debug|Any CPU
		{86D25EB2-743C-4581-A849-2093E08BF73A}.Debug|ARM.ActiveCfg = Debug|Any CPU
		{86D25EB2-743C-4581-A849-2093E08BF73A}.Debug|ARM.Build.0 = Debug|Any CPU
		{86D25EB2-743C-4581-A849-2093E08BF73A}.Debug|ARM64.ActiveCfg = Debug|Any CPU
		{86D25EB2-743C-4581-A849-2093E08BF73A}.Debug|ARM64.Build.0 = Debug|Any CPU
		{86D25EB2-743C-4581-A849-2093E08BF73A}.Debug|x64.ActiveCfg = Debug|Any CPU
		{86D25EB2-743C-4581-A849-2093E08BF73A}.Debug|x64.Build.0 = Debug|Any CPU
		{86D25EB2-743C-4581-A849-2093E08BF73A}.Debug|x86.ActiveCfg = Debug|Any CPU
		{86D25EB2-743C-4581-A849-2093E08BF73A}.Debug|x86.Build.0 = Debug|Any CPU
		{86D25EB2-743C-4581-A849-2093E08BF73A}.Release|Any CPU.ActiveCfg = Release|Any CPU
		{86D25EB2-743C-4581-A849-2093E08BF73A}.Release|Any CPU.Build.0 = Release|Any CPU
		{86D25EB2-743C-4581-A849-2093E08BF73A}.Release|ARM.ActiveCfg = Release|Any CPU
		{86D25EB2-743C-4581-A849-2093E08BF73A}.Release|ARM.Build.0 = Release|Any CPU
		{86D25EB2-743C-4581-A849-2093E08BF73A}.Release|ARM64.ActiveCfg = Release|Any CPU
		{86D25EB2-743C-4581-A849-2093E08BF73A}.Release|ARM64.Build.0 = Release|Any CPU
		{86D25EB2-743C-4581-A849-2093E08BF73A}.Release|x64.ActiveCfg = Release|Any CPU
		{86D25EB2-743C-4581-A849-2093E08BF73A}.Release|x64.Build.0 = Release|Any CPU
		{86D25EB2-743C-4581-A849-2093E08BF73A}.Release|x86.ActiveCfg = Release|Any CPU
		{86D25EB2-743C-4581-A849-2093E08BF73A}.Release|x86.Build.0 = Release|Any CPU
		{D80E894C-F407-45C0-8187-5B45662D4E74}.Debug|Any CPU.ActiveCfg = Debug|Any CPU
		{D80E894C-F407-45C0-8187-5B45662D4E74}.Debug|Any CPU.Build.0 = Debug|Any CPU
		{D80E894C-F407-45C0-8187-5B45662D4E74}.Debug|ARM.ActiveCfg = Debug|Any CPU
		{D80E894C-F407-45C0-8187-5B45662D4E74}.Debug|ARM.Build.0 = Debug|Any CPU
		{D80E894C-F407-45C0-8187-5B45662D4E74}.Debug|ARM64.ActiveCfg = Debug|Any CPU
		{D80E894C-F407-45C0-8187-5B45662D4E74}.Debug|ARM64.Build.0 = Debug|Any CPU
		{D80E894C-F407-45C0-8187-5B45662D4E74}.Debug|x64.ActiveCfg = Debug|Any CPU
		{D80E894C-F407-45C0-8187-5B45662D4E74}.Debug|x64.Build.0 = Debug|Any CPU
		{D80E894C-F407-45C0-8187-5B45662D4E74}.Debug|x86.ActiveCfg = Debug|Any CPU
		{D80E894C-F407-45C0-8187-5B45662D4E74}.Debug|x86.Build.0 = Debug|Any CPU
		{D80E894C-F407-45C0-8187-5B45662D4E74}.Release|Any CPU.ActiveCfg = Release|Any CPU
		{D80E894C-F407-45C0-8187-5B45662D4E74}.Release|Any CPU.Build.0 = Release|Any CPU
		{D80E894C-F407-45C0-8187-5B45662D4E74}.Release|ARM.ActiveCfg = Release|Any CPU
		{D80E894C-F407-45C0-8187-5B45662D4E74}.Release|ARM.Build.0 = Release|Any CPU
		{D80E894C-F407-45C0-8187-5B45662D4E74}.Release|ARM64.ActiveCfg = Release|Any CPU
		{D80E894C-F407-45C0-8187-5B45662D4E74}.Release|ARM64.Build.0 = Release|Any CPU
		{D80E894C-F407-45C0-8187-5B45662D4E74}.Release|x64.ActiveCfg = Release|Any CPU
		{D80E894C-F407-45C0-8187-5B45662D4E74}.Release|x64.Build.0 = Release|Any CPU
		{D80E894C-F407-45C0-8187-5B45662D4E74}.Release|x86.ActiveCfg = Release|Any CPU
		{D80E894C-F407-45C0-8187-5B45662D4E74}.Release|x86.Build.0 = Release|Any CPU
		{52319F33-A2A0-4825-88CB-08E1B964663A}.Debug|Any CPU.ActiveCfg = Debug|Any CPU
		{52319F33-A2A0-4825-88CB-08E1B964663A}.Debug|Any CPU.Build.0 = Debug|Any CPU
		{52319F33-A2A0-4825-88CB-08E1B964663A}.Debug|ARM.ActiveCfg = Debug|Any CPU
		{52319F33-A2A0-4825-88CB-08E1B964663A}.Debug|ARM.Build.0 = Debug|Any CPU
		{52319F33-A2A0-4825-88CB-08E1B964663A}.Debug|ARM64.ActiveCfg = Debug|Any CPU
		{52319F33-A2A0-4825-88CB-08E1B964663A}.Debug|ARM64.Build.0 = Debug|Any CPU
		{52319F33-A2A0-4825-88CB-08E1B964663A}.Debug|x64.ActiveCfg = Debug|Any CPU
		{52319F33-A2A0-4825-88CB-08E1B964663A}.Debug|x64.Build.0 = Debug|Any CPU
		{52319F33-A2A0-4825-88CB-08E1B964663A}.Debug|x86.ActiveCfg = Debug|Any CPU
		{52319F33-A2A0-4825-88CB-08E1B964663A}.Debug|x86.Build.0 = Debug|Any CPU
		{52319F33-A2A0-4825-88CB-08E1B964663A}.Release|Any CPU.ActiveCfg = Release|Any CPU
		{52319F33-A2A0-4825-88CB-08E1B964663A}.Release|Any CPU.Build.0 = Release|Any CPU
		{52319F33-A2A0-4825-88CB-08E1B964663A}.Release|ARM.ActiveCfg = Release|Any CPU
		{52319F33-A2A0-4825-88CB-08E1B964663A}.Release|ARM.Build.0 = Release|Any CPU
		{52319F33-A2A0-4825-88CB-08E1B964663A}.Release|ARM64.ActiveCfg = Release|Any CPU
		{52319F33-A2A0-4825-88CB-08E1B964663A}.Release|ARM64.Build.0 = Release|Any CPU
		{52319F33-A2A0-4825-88CB-08E1B964663A}.Release|x64.ActiveCfg = Release|Any CPU
		{52319F33-A2A0-4825-88CB-08E1B964663A}.Release|x64.Build.0 = Release|Any CPU
		{52319F33-A2A0-4825-88CB-08E1B964663A}.Release|x86.ActiveCfg = Release|Any CPU
		{52319F33-A2A0-4825-88CB-08E1B964663A}.Release|x86.Build.0 = Release|Any CPU
		{73061226-002F-40B2-8B4D-71D20BB66FE5}.Debug|Any CPU.ActiveCfg = Debug|Any CPU
		{73061226-002F-40B2-8B4D-71D20BB66FE5}.Debug|Any CPU.Build.0 = Debug|Any CPU
		{73061226-002F-40B2-8B4D-71D20BB66FE5}.Debug|ARM.ActiveCfg = Debug|Any CPU
		{73061226-002F-40B2-8B4D-71D20BB66FE5}.Debug|ARM.Build.0 = Debug|Any CPU
		{73061226-002F-40B2-8B4D-71D20BB66FE5}.Debug|ARM64.ActiveCfg = Debug|Any CPU
		{73061226-002F-40B2-8B4D-71D20BB66FE5}.Debug|ARM64.Build.0 = Debug|Any CPU
		{73061226-002F-40B2-8B4D-71D20BB66FE5}.Debug|x64.ActiveCfg = Debug|Any CPU
		{73061226-002F-40B2-8B4D-71D20BB66FE5}.Debug|x64.Build.0 = Debug|Any CPU
		{73061226-002F-40B2-8B4D-71D20BB66FE5}.Debug|x86.ActiveCfg = Debug|Any CPU
		{73061226-002F-40B2-8B4D-71D20BB66FE5}.Debug|x86.Build.0 = Debug|Any CPU
		{73061226-002F-40B2-8B4D-71D20BB66FE5}.Release|Any CPU.ActiveCfg = Release|Any CPU
		{73061226-002F-40B2-8B4D-71D20BB66FE5}.Release|Any CPU.Build.0 = Release|Any CPU
		{73061226-002F-40B2-8B4D-71D20BB66FE5}.Release|ARM.ActiveCfg = Release|Any CPU
		{73061226-002F-40B2-8B4D-71D20BB66FE5}.Release|ARM.Build.0 = Release|Any CPU
		{73061226-002F-40B2-8B4D-71D20BB66FE5}.Release|ARM64.ActiveCfg = Release|Any CPU
		{73061226-002F-40B2-8B4D-71D20BB66FE5}.Release|ARM64.Build.0 = Release|Any CPU
		{73061226-002F-40B2-8B4D-71D20BB66FE5}.Release|x64.ActiveCfg = Release|Any CPU
		{73061226-002F-40B2-8B4D-71D20BB66FE5}.Release|x64.Build.0 = Release|Any CPU
		{73061226-002F-40B2-8B4D-71D20BB66FE5}.Release|x86.ActiveCfg = Release|Any CPU
		{73061226-002F-40B2-8B4D-71D20BB66FE5}.Release|x86.Build.0 = Release|Any CPU
		{489FD640-6446-491D-8C10-F9FAE9973460}.Debug|Any CPU.ActiveCfg = Debug|Any CPU
		{489FD640-6446-491D-8C10-F9FAE9973460}.Debug|Any CPU.Build.0 = Debug|Any CPU
		{489FD640-6446-491D-8C10-F9FAE9973460}.Debug|ARM.ActiveCfg = Debug|Any CPU
		{489FD640-6446-491D-8C10-F9FAE9973460}.Debug|ARM.Build.0 = Debug|Any CPU
		{489FD640-6446-491D-8C10-F9FAE9973460}.Debug|ARM64.ActiveCfg = Debug|Any CPU
		{489FD640-6446-491D-8C10-F9FAE9973460}.Debug|ARM64.Build.0 = Debug|Any CPU
		{489FD640-6446-491D-8C10-F9FAE9973460}.Debug|x64.ActiveCfg = Debug|Any CPU
		{489FD640-6446-491D-8C10-F9FAE9973460}.Debug|x64.Build.0 = Debug|Any CPU
		{489FD640-6446-491D-8C10-F9FAE9973460}.Debug|x86.ActiveCfg = Debug|Any CPU
		{489FD640-6446-491D-8C10-F9FAE9973460}.Debug|x86.Build.0 = Debug|Any CPU
		{489FD640-6446-491D-8C10-F9FAE9973460}.Release|Any CPU.ActiveCfg = Release|Any CPU
		{489FD640-6446-491D-8C10-F9FAE9973460}.Release|Any CPU.Build.0 = Release|Any CPU
		{489FD640-6446-491D-8C10-F9FAE9973460}.Release|ARM.ActiveCfg = Release|Any CPU
		{489FD640-6446-491D-8C10-F9FAE9973460}.Release|ARM.Build.0 = Release|Any CPU
		{489FD640-6446-491D-8C10-F9FAE9973460}.Release|ARM64.ActiveCfg = Release|Any CPU
		{489FD640-6446-491D-8C10-F9FAE9973460}.Release|ARM64.Build.0 = Release|Any CPU
		{489FD640-6446-491D-8C10-F9FAE9973460}.Release|x64.ActiveCfg = Release|Any CPU
		{489FD640-6446-491D-8C10-F9FAE9973460}.Release|x64.Build.0 = Release|Any CPU
		{489FD640-6446-491D-8C10-F9FAE9973460}.Release|x86.ActiveCfg = Release|Any CPU
		{489FD640-6446-491D-8C10-F9FAE9973460}.Release|x86.Build.0 = Release|Any CPU
		{A5CDE91F-0745-4524-81EF-5D0FC0D94D7A}.Debug|Any CPU.ActiveCfg = Debug|Any CPU
		{A5CDE91F-0745-4524-81EF-5D0FC0D94D7A}.Debug|Any CPU.Build.0 = Debug|Any CPU
		{A5CDE91F-0745-4524-81EF-5D0FC0D94D7A}.Debug|ARM.ActiveCfg = Debug|Any CPU
		{A5CDE91F-0745-4524-81EF-5D0FC0D94D7A}.Debug|ARM.Build.0 = Debug|Any CPU
		{A5CDE91F-0745-4524-81EF-5D0FC0D94D7A}.Debug|ARM64.ActiveCfg = Debug|Any CPU
		{A5CDE91F-0745-4524-81EF-5D0FC0D94D7A}.Debug|ARM64.Build.0 = Debug|Any CPU
		{A5CDE91F-0745-4524-81EF-5D0FC0D94D7A}.Debug|x64.ActiveCfg = Debug|Any CPU
		{A5CDE91F-0745-4524-81EF-5D0FC0D94D7A}.Debug|x64.Build.0 = Debug|Any CPU
		{A5CDE91F-0745-4524-81EF-5D0FC0D94D7A}.Debug|x86.ActiveCfg = Debug|Any CPU
		{A5CDE91F-0745-4524-81EF-5D0FC0D94D7A}.Debug|x86.Build.0 = Debug|Any CPU
		{A5CDE91F-0745-4524-81EF-5D0FC0D94D7A}.Release|Any CPU.ActiveCfg = Release|Any CPU
		{A5CDE91F-0745-4524-81EF-5D0FC0D94D7A}.Release|Any CPU.Build.0 = Release|Any CPU
		{A5CDE91F-0745-4524-81EF-5D0FC0D94D7A}.Release|ARM.ActiveCfg = Release|Any CPU
		{A5CDE91F-0745-4524-81EF-5D0FC0D94D7A}.Release|ARM.Build.0 = Release|Any CPU
		{A5CDE91F-0745-4524-81EF-5D0FC0D94D7A}.Release|ARM64.ActiveCfg = Release|Any CPU
		{A5CDE91F-0745-4524-81EF-5D0FC0D94D7A}.Release|ARM64.Build.0 = Release|Any CPU
		{A5CDE91F-0745-4524-81EF-5D0FC0D94D7A}.Release|x64.ActiveCfg = Release|Any CPU
		{A5CDE91F-0745-4524-81EF-5D0FC0D94D7A}.Release|x64.Build.0 = Release|Any CPU
		{A5CDE91F-0745-4524-81EF-5D0FC0D94D7A}.Release|x86.ActiveCfg = Release|Any CPU
		{A5CDE91F-0745-4524-81EF-5D0FC0D94D7A}.Release|x86.Build.0 = Release|Any CPU
		{30148346-BD21-4987-8F66-E601FAF150E2}.Debug|Any CPU.ActiveCfg = Debug|Any CPU
		{30148346-BD21-4987-8F66-E601FAF150E2}.Debug|Any CPU.Build.0 = Debug|Any CPU
		{30148346-BD21-4987-8F66-E601FAF150E2}.Debug|ARM.ActiveCfg = Debug|Any CPU
		{30148346-BD21-4987-8F66-E601FAF150E2}.Debug|ARM.Build.0 = Debug|Any CPU
		{30148346-BD21-4987-8F66-E601FAF150E2}.Debug|ARM64.ActiveCfg = Debug|Any CPU
		{30148346-BD21-4987-8F66-E601FAF150E2}.Debug|ARM64.Build.0 = Debug|Any CPU
		{30148346-BD21-4987-8F66-E601FAF150E2}.Debug|x64.ActiveCfg = Debug|Any CPU
		{30148346-BD21-4987-8F66-E601FAF150E2}.Debug|x64.Build.0 = Debug|Any CPU
		{30148346-BD21-4987-8F66-E601FAF150E2}.Debug|x86.ActiveCfg = Debug|Any CPU
		{30148346-BD21-4987-8F66-E601FAF150E2}.Debug|x86.Build.0 = Debug|Any CPU
		{30148346-BD21-4987-8F66-E601FAF150E2}.Release|Any CPU.ActiveCfg = Release|Any CPU
		{30148346-BD21-4987-8F66-E601FAF150E2}.Release|Any CPU.Build.0 = Release|Any CPU
		{30148346-BD21-4987-8F66-E601FAF150E2}.Release|ARM.ActiveCfg = Release|Any CPU
		{30148346-BD21-4987-8F66-E601FAF150E2}.Release|ARM.Build.0 = Release|Any CPU
		{30148346-BD21-4987-8F66-E601FAF150E2}.Release|ARM64.ActiveCfg = Release|Any CPU
		{30148346-BD21-4987-8F66-E601FAF150E2}.Release|ARM64.Build.0 = Release|Any CPU
		{30148346-BD21-4987-8F66-E601FAF150E2}.Release|x64.ActiveCfg = Release|Any CPU
		{30148346-BD21-4987-8F66-E601FAF150E2}.Release|x64.Build.0 = Release|Any CPU
		{30148346-BD21-4987-8F66-E601FAF150E2}.Release|x86.ActiveCfg = Release|Any CPU
		{30148346-BD21-4987-8F66-E601FAF150E2}.Release|x86.Build.0 = Release|Any CPU
		{3A2099C7-3F94-48B5-90D5-A8867F364BE6}.Debug|Any CPU.ActiveCfg = Debug|Any CPU
		{3A2099C7-3F94-48B5-90D5-A8867F364BE6}.Debug|Any CPU.Build.0 = Debug|Any CPU
		{3A2099C7-3F94-48B5-90D5-A8867F364BE6}.Debug|ARM.ActiveCfg = Debug|Any CPU
		{3A2099C7-3F94-48B5-90D5-A8867F364BE6}.Debug|ARM.Build.0 = Debug|Any CPU
		{3A2099C7-3F94-48B5-90D5-A8867F364BE6}.Debug|ARM64.ActiveCfg = Debug|Any CPU
		{3A2099C7-3F94-48B5-90D5-A8867F364BE6}.Debug|ARM64.Build.0 = Debug|Any CPU
		{3A2099C7-3F94-48B5-90D5-A8867F364BE6}.Debug|x64.ActiveCfg = Debug|Any CPU
		{3A2099C7-3F94-48B5-90D5-A8867F364BE6}.Debug|x64.Build.0 = Debug|Any CPU
		{3A2099C7-3F94-48B5-90D5-A8867F364BE6}.Debug|x86.ActiveCfg = Debug|Any CPU
		{3A2099C7-3F94-48B5-90D5-A8867F364BE6}.Debug|x86.Build.0 = Debug|Any CPU
		{3A2099C7-3F94-48B5-90D5-A8867F364BE6}.Release|Any CPU.ActiveCfg = Release|Any CPU
		{3A2099C7-3F94-48B5-90D5-A8867F364BE6}.Release|Any CPU.Build.0 = Release|Any CPU
		{3A2099C7-3F94-48B5-90D5-A8867F364BE6}.Release|ARM.ActiveCfg = Release|Any CPU
		{3A2099C7-3F94-48B5-90D5-A8867F364BE6}.Release|ARM.Build.0 = Release|Any CPU
		{3A2099C7-3F94-48B5-90D5-A8867F364BE6}.Release|ARM64.ActiveCfg = Release|Any CPU
		{3A2099C7-3F94-48B5-90D5-A8867F364BE6}.Release|ARM64.Build.0 = Release|Any CPU
		{3A2099C7-3F94-48B5-90D5-A8867F364BE6}.Release|x64.ActiveCfg = Release|Any CPU
		{3A2099C7-3F94-48B5-90D5-A8867F364BE6}.Release|x64.Build.0 = Release|Any CPU
		{3A2099C7-3F94-48B5-90D5-A8867F364BE6}.Release|x86.ActiveCfg = Release|Any CPU
		{3A2099C7-3F94-48B5-90D5-A8867F364BE6}.Release|x86.Build.0 = Release|Any CPU
		{610D124D-A1AA-498C-8128-8049038B5432}.Debug|Any CPU.ActiveCfg = Debug|Any CPU
		{610D124D-A1AA-498C-8128-8049038B5432}.Debug|Any CPU.Build.0 = Debug|Any CPU
		{610D124D-A1AA-498C-8128-8049038B5432}.Debug|ARM.ActiveCfg = Debug|Any CPU
		{610D124D-A1AA-498C-8128-8049038B5432}.Debug|ARM.Build.0 = Debug|Any CPU
		{610D124D-A1AA-498C-8128-8049038B5432}.Debug|ARM64.ActiveCfg = Debug|Any CPU
		{610D124D-A1AA-498C-8128-8049038B5432}.Debug|ARM64.Build.0 = Debug|Any CPU
		{610D124D-A1AA-498C-8128-8049038B5432}.Debug|x64.ActiveCfg = Debug|Any CPU
		{610D124D-A1AA-498C-8128-8049038B5432}.Debug|x64.Build.0 = Debug|Any CPU
		{610D124D-A1AA-498C-8128-8049038B5432}.Debug|x86.ActiveCfg = Debug|Any CPU
		{610D124D-A1AA-498C-8128-8049038B5432}.Debug|x86.Build.0 = Debug|Any CPU
		{610D124D-A1AA-498C-8128-8049038B5432}.Release|Any CPU.ActiveCfg = Release|Any CPU
		{610D124D-A1AA-498C-8128-8049038B5432}.Release|Any CPU.Build.0 = Release|Any CPU
		{610D124D-A1AA-498C-8128-8049038B5432}.Release|ARM.ActiveCfg = Release|Any CPU
		{610D124D-A1AA-498C-8128-8049038B5432}.Release|ARM.Build.0 = Release|Any CPU
		{610D124D-A1AA-498C-8128-8049038B5432}.Release|ARM64.ActiveCfg = Release|Any CPU
		{610D124D-A1AA-498C-8128-8049038B5432}.Release|ARM64.Build.0 = Release|Any CPU
		{610D124D-A1AA-498C-8128-8049038B5432}.Release|x64.ActiveCfg = Release|Any CPU
		{610D124D-A1AA-498C-8128-8049038B5432}.Release|x64.Build.0 = Release|Any CPU
		{610D124D-A1AA-498C-8128-8049038B5432}.Release|x86.ActiveCfg = Release|Any CPU
		{610D124D-A1AA-498C-8128-8049038B5432}.Release|x86.Build.0 = Release|Any CPU
		{1051C9E7-79E3-4994-BD40-9EF63A323A29}.Debug|Any CPU.ActiveCfg = Debug|Any CPU
		{1051C9E7-79E3-4994-BD40-9EF63A323A29}.Debug|Any CPU.Build.0 = Debug|Any CPU
		{1051C9E7-79E3-4994-BD40-9EF63A323A29}.Debug|ARM.ActiveCfg = Debug|Any CPU
		{1051C9E7-79E3-4994-BD40-9EF63A323A29}.Debug|ARM.Build.0 = Debug|Any CPU
		{1051C9E7-79E3-4994-BD40-9EF63A323A29}.Debug|ARM64.ActiveCfg = Debug|Any CPU
		{1051C9E7-79E3-4994-BD40-9EF63A323A29}.Debug|ARM64.Build.0 = Debug|Any CPU
		{1051C9E7-79E3-4994-BD40-9EF63A323A29}.Debug|x64.ActiveCfg = Debug|Any CPU
		{1051C9E7-79E3-4994-BD40-9EF63A323A29}.Debug|x64.Build.0 = Debug|Any CPU
		{1051C9E7-79E3-4994-BD40-9EF63A323A29}.Debug|x86.ActiveCfg = Debug|Any CPU
		{1051C9E7-79E3-4994-BD40-9EF63A323A29}.Debug|x86.Build.0 = Debug|Any CPU
		{1051C9E7-79E3-4994-BD40-9EF63A323A29}.Release|Any CPU.ActiveCfg = Release|Any CPU
		{1051C9E7-79E3-4994-BD40-9EF63A323A29}.Release|Any CPU.Build.0 = Release|Any CPU
		{1051C9E7-79E3-4994-BD40-9EF63A323A29}.Release|ARM.ActiveCfg = Release|Any CPU
		{1051C9E7-79E3-4994-BD40-9EF63A323A29}.Release|ARM.Build.0 = Release|Any CPU
		{1051C9E7-79E3-4994-BD40-9EF63A323A29}.Release|ARM64.ActiveCfg = Release|Any CPU
		{1051C9E7-79E3-4994-BD40-9EF63A323A29}.Release|ARM64.Build.0 = Release|Any CPU
		{1051C9E7-79E3-4994-BD40-9EF63A323A29}.Release|x64.ActiveCfg = Release|Any CPU
		{1051C9E7-79E3-4994-BD40-9EF63A323A29}.Release|x64.Build.0 = Release|Any CPU
		{1051C9E7-79E3-4994-BD40-9EF63A323A29}.Release|x86.ActiveCfg = Release|Any CPU
		{1051C9E7-79E3-4994-BD40-9EF63A323A29}.Release|x86.Build.0 = Release|Any CPU
		{3F926309-3C3F-46B7-ADCF-9BC74211C6F6}.Debug|Any CPU.ActiveCfg = Debug|Any CPU
		{3F926309-3C3F-46B7-ADCF-9BC74211C6F6}.Debug|Any CPU.Build.0 = Debug|Any CPU
		{3F926309-3C3F-46B7-ADCF-9BC74211C6F6}.Debug|ARM.ActiveCfg = Debug|Any CPU
		{3F926309-3C3F-46B7-ADCF-9BC74211C6F6}.Debug|ARM.Build.0 = Debug|Any CPU
		{3F926309-3C3F-46B7-ADCF-9BC74211C6F6}.Debug|ARM64.ActiveCfg = Debug|Any CPU
		{3F926309-3C3F-46B7-ADCF-9BC74211C6F6}.Debug|ARM64.Build.0 = Debug|Any CPU
		{3F926309-3C3F-46B7-ADCF-9BC74211C6F6}.Debug|x64.ActiveCfg = Debug|Any CPU
		{3F926309-3C3F-46B7-ADCF-9BC74211C6F6}.Debug|x64.Build.0 = Debug|Any CPU
		{3F926309-3C3F-46B7-ADCF-9BC74211C6F6}.Debug|x86.ActiveCfg = Debug|Any CPU
		{3F926309-3C3F-46B7-ADCF-9BC74211C6F6}.Debug|x86.Build.0 = Debug|Any CPU
		{3F926309-3C3F-46B7-ADCF-9BC74211C6F6}.Release|Any CPU.ActiveCfg = Release|Any CPU
		{3F926309-3C3F-46B7-ADCF-9BC74211C6F6}.Release|Any CPU.Build.0 = Release|Any CPU
		{3F926309-3C3F-46B7-ADCF-9BC74211C6F6}.Release|ARM.ActiveCfg = Release|Any CPU
		{3F926309-3C3F-46B7-ADCF-9BC74211C6F6}.Release|ARM.Build.0 = Release|Any CPU
		{3F926309-3C3F-46B7-ADCF-9BC74211C6F6}.Release|ARM64.ActiveCfg = Release|Any CPU
		{3F926309-3C3F-46B7-ADCF-9BC74211C6F6}.Release|ARM64.Build.0 = Release|Any CPU
		{3F926309-3C3F-46B7-ADCF-9BC74211C6F6}.Release|x64.ActiveCfg = Release|Any CPU
		{3F926309-3C3F-46B7-ADCF-9BC74211C6F6}.Release|x64.Build.0 = Release|Any CPU
		{3F926309-3C3F-46B7-ADCF-9BC74211C6F6}.Release|x86.ActiveCfg = Release|Any CPU
		{3F926309-3C3F-46B7-ADCF-9BC74211C6F6}.Release|x86.Build.0 = Release|Any CPU
		{5D173133-390C-40D9-BFC3-976208D70A8B}.Debug|Any CPU.ActiveCfg = Debug|Any CPU
		{5D173133-390C-40D9-BFC3-976208D70A8B}.Debug|Any CPU.Build.0 = Debug|Any CPU
		{5D173133-390C-40D9-BFC3-976208D70A8B}.Debug|ARM.ActiveCfg = Debug|Any CPU
		{5D173133-390C-40D9-BFC3-976208D70A8B}.Debug|ARM.Build.0 = Debug|Any CPU
		{5D173133-390C-40D9-BFC3-976208D70A8B}.Debug|ARM64.ActiveCfg = Debug|Any CPU
		{5D173133-390C-40D9-BFC3-976208D70A8B}.Debug|ARM64.Build.0 = Debug|Any CPU
		{5D173133-390C-40D9-BFC3-976208D70A8B}.Debug|x64.ActiveCfg = Debug|Any CPU
		{5D173133-390C-40D9-BFC3-976208D70A8B}.Debug|x64.Build.0 = Debug|Any CPU
		{5D173133-390C-40D9-BFC3-976208D70A8B}.Debug|x86.ActiveCfg = Debug|Any CPU
		{5D173133-390C-40D9-BFC3-976208D70A8B}.Debug|x86.Build.0 = Debug|Any CPU
		{5D173133-390C-40D9-BFC3-976208D70A8B}.Release|Any CPU.ActiveCfg = Release|Any CPU
		{5D173133-390C-40D9-BFC3-976208D70A8B}.Release|Any CPU.Build.0 = Release|Any CPU
		{5D173133-390C-40D9-BFC3-976208D70A8B}.Release|ARM.ActiveCfg = Release|Any CPU
		{5D173133-390C-40D9-BFC3-976208D70A8B}.Release|ARM.Build.0 = Release|Any CPU
		{5D173133-390C-40D9-BFC3-976208D70A8B}.Release|ARM64.ActiveCfg = Release|Any CPU
		{5D173133-390C-40D9-BFC3-976208D70A8B}.Release|ARM64.Build.0 = Release|Any CPU
		{5D173133-390C-40D9-BFC3-976208D70A8B}.Release|x64.ActiveCfg = Release|Any CPU
		{5D173133-390C-40D9-BFC3-976208D70A8B}.Release|x64.Build.0 = Release|Any CPU
		{5D173133-390C-40D9-BFC3-976208D70A8B}.Release|x86.ActiveCfg = Release|Any CPU
		{5D173133-390C-40D9-BFC3-976208D70A8B}.Release|x86.Build.0 = Release|Any CPU
		{B05B133F-1B0C-45A2-83AA-DD40A261A767}.Debug|Any CPU.ActiveCfg = Debug|Any CPU
		{B05B133F-1B0C-45A2-83AA-DD40A261A767}.Debug|Any CPU.Build.0 = Debug|Any CPU
		{B05B133F-1B0C-45A2-83AA-DD40A261A767}.Debug|ARM.ActiveCfg = Debug|Any CPU
		{B05B133F-1B0C-45A2-83AA-DD40A261A767}.Debug|ARM.Build.0 = Debug|Any CPU
		{B05B133F-1B0C-45A2-83AA-DD40A261A767}.Debug|ARM64.ActiveCfg = Debug|Any CPU
		{B05B133F-1B0C-45A2-83AA-DD40A261A767}.Debug|ARM64.Build.0 = Debug|Any CPU
		{B05B133F-1B0C-45A2-83AA-DD40A261A767}.Debug|x64.ActiveCfg = Debug|Any CPU
		{B05B133F-1B0C-45A2-83AA-DD40A261A767}.Debug|x64.Build.0 = Debug|Any CPU
		{B05B133F-1B0C-45A2-83AA-DD40A261A767}.Debug|x86.ActiveCfg = Debug|Any CPU
		{B05B133F-1B0C-45A2-83AA-DD40A261A767}.Debug|x86.Build.0 = Debug|Any CPU
		{B05B133F-1B0C-45A2-83AA-DD40A261A767}.Release|Any CPU.ActiveCfg = Release|Any CPU
		{B05B133F-1B0C-45A2-83AA-DD40A261A767}.Release|Any CPU.Build.0 = Release|Any CPU
		{B05B133F-1B0C-45A2-83AA-DD40A261A767}.Release|ARM.ActiveCfg = Release|Any CPU
		{B05B133F-1B0C-45A2-83AA-DD40A261A767}.Release|ARM.Build.0 = Release|Any CPU
		{B05B133F-1B0C-45A2-83AA-DD40A261A767}.Release|ARM64.ActiveCfg = Release|Any CPU
		{B05B133F-1B0C-45A2-83AA-DD40A261A767}.Release|ARM64.Build.0 = Release|Any CPU
		{B05B133F-1B0C-45A2-83AA-DD40A261A767}.Release|x64.ActiveCfg = Release|Any CPU
		{B05B133F-1B0C-45A2-83AA-DD40A261A767}.Release|x64.Build.0 = Release|Any CPU
		{B05B133F-1B0C-45A2-83AA-DD40A261A767}.Release|x86.ActiveCfg = Release|Any CPU
		{B05B133F-1B0C-45A2-83AA-DD40A261A767}.Release|x86.Build.0 = Release|Any CPU
		{D2CF7604-9312-4DDD-B90C-08B111189F01}.Debug|Any CPU.ActiveCfg = Debug|Any CPU
		{D2CF7604-9312-4DDD-B90C-08B111189F01}.Debug|Any CPU.Build.0 = Debug|Any CPU
		{D2CF7604-9312-4DDD-B90C-08B111189F01}.Debug|ARM.ActiveCfg = Debug|Any CPU
		{D2CF7604-9312-4DDD-B90C-08B111189F01}.Debug|ARM.Build.0 = Debug|Any CPU
		{D2CF7604-9312-4DDD-B90C-08B111189F01}.Debug|ARM64.ActiveCfg = Debug|Any CPU
		{D2CF7604-9312-4DDD-B90C-08B111189F01}.Debug|ARM64.Build.0 = Debug|Any CPU
		{D2CF7604-9312-4DDD-B90C-08B111189F01}.Debug|x64.ActiveCfg = Debug|Any CPU
		{D2CF7604-9312-4DDD-B90C-08B111189F01}.Debug|x64.Build.0 = Debug|Any CPU
		{D2CF7604-9312-4DDD-B90C-08B111189F01}.Debug|x86.ActiveCfg = Debug|Any CPU
		{D2CF7604-9312-4DDD-B90C-08B111189F01}.Debug|x86.Build.0 = Debug|Any CPU
		{D2CF7604-9312-4DDD-B90C-08B111189F01}.Release|Any CPU.ActiveCfg = Release|Any CPU
		{D2CF7604-9312-4DDD-B90C-08B111189F01}.Release|Any CPU.Build.0 = Release|Any CPU
		{D2CF7604-9312-4DDD-B90C-08B111189F01}.Release|ARM.ActiveCfg = Release|Any CPU
		{D2CF7604-9312-4DDD-B90C-08B111189F01}.Release|ARM.Build.0 = Release|Any CPU
		{D2CF7604-9312-4DDD-B90C-08B111189F01}.Release|ARM64.ActiveCfg = Release|Any CPU
		{D2CF7604-9312-4DDD-B90C-08B111189F01}.Release|ARM64.Build.0 = Release|Any CPU
		{D2CF7604-9312-4DDD-B90C-08B111189F01}.Release|x64.ActiveCfg = Release|Any CPU
		{D2CF7604-9312-4DDD-B90C-08B111189F01}.Release|x64.Build.0 = Release|Any CPU
		{D2CF7604-9312-4DDD-B90C-08B111189F01}.Release|x86.ActiveCfg = Release|Any CPU
		{D2CF7604-9312-4DDD-B90C-08B111189F01}.Release|x86.Build.0 = Release|Any CPU
	EndGlobalSection
	GlobalSection(SolutionProperties) = preSolution
		HideSolutionNode = FALSE
	EndGlobalSection
	GlobalSection(NestedProjects) = preSolution
		{127B7463-8FFE-4216-8DD0-509570FA92C3} = {AB41F162-522D-4745-B1D4-5C14051AD802}
		{86D25EB2-743C-4581-A849-2093E08BF73A} = {30398881-4E1F-4AF7-AE16-FC98B874FF20}
		{D80E894C-F407-45C0-8187-5B45662D4E74} = {30398881-4E1F-4AF7-AE16-FC98B874FF20}
		{52319F33-A2A0-4825-88CB-08E1B964663A} = {30398881-4E1F-4AF7-AE16-FC98B874FF20}
		{73061226-002F-40B2-8B4D-71D20BB66FE5} = {30398881-4E1F-4AF7-AE16-FC98B874FF20}
		{70E0683C-3B82-435A-B7B9-6C920716BB95} = {30398881-4E1F-4AF7-AE16-FC98B874FF20}
		{489FD640-6446-491D-8C10-F9FAE9973460} = {70E0683C-3B82-435A-B7B9-6C920716BB95}
		{A5CDE91F-0745-4524-81EF-5D0FC0D94D7A} = {76A09074-E7D1-423F-83A5-4046C359F3C6}
		{30148346-BD21-4987-8F66-E601FAF150E2} = {76A09074-E7D1-423F-83A5-4046C359F3C6}
		{3A2099C7-3F94-48B5-90D5-A8867F364BE6} = {70E0683C-3B82-435A-B7B9-6C920716BB95}
		{610D124D-A1AA-498C-8128-8049038B5432} = {30398881-4E1F-4AF7-AE16-FC98B874FF20}
		{1051C9E7-79E3-4994-BD40-9EF63A323A29} = {76A09074-E7D1-423F-83A5-4046C359F3C6}
		{3F926309-3C3F-46B7-ADCF-9BC74211C6F6} = {70E0683C-3B82-435A-B7B9-6C920716BB95}
		{5D173133-390C-40D9-BFC3-976208D70A8B} = {70E0683C-3B82-435A-B7B9-6C920716BB95}
		{B05B133F-1B0C-45A2-83AA-DD40A261A767} = {76A09074-E7D1-423F-83A5-4046C359F3C6}
		{D2CF7604-9312-4DDD-B90C-08B111189F01} = {70E0683C-3B82-435A-B7B9-6C920716BB95}
	EndGlobalSection
	GlobalSection(ExtensibilityGlobals) = postSolution
		SolutionGuid = {47D8695A-8DF4-4BE5-A6C8-7FB3516070B3}
	EndGlobalSection
EndGlobal
