
Microsoft Visual Studio Solution File, Format Version 12.00
# Visual Studio Version 16
VisualStudioVersion = 16.0.29613.14
MinimumVisualStudioVersion = 10.0.40219.1
Project("{2150E333-8FDC-42A3-9474-1A3956D46DE8}") = "Test", "Test", "{44A55359-92B0-4DFE-9C6D-F6F6791FEBD2}"
EndProject
Project("{9A19103F-16F7-4668-BE54-9A1E7A4F7556}") = "MondoCore.Common.UnitTests", "Test\MondoCore.Common.UnitTests\MondoCore.Common.UnitTests.csproj", "{5FA03415-C6FD-49AE-BA39-E5EE2D31FCC9}"
EndProject
Project("{9A19103F-16F7-4668-BE54-9A1E7A4F7556}") = "MondoCore.Security.UnitTests", "Test\MondoCore.Security.UnitTests\MondoCore.Security.UnitTests.csproj", "{CF3C1353-73FE-4C38-9BC4-CDAB93B7B20E}"
EndProject
Project("{9A19103F-16F7-4668-BE54-9A1E7A4F7556}") = "MondoCore.Common", "MondoCore.Common\MondoCore.Common.csproj", "{5D3640DD-109E-4A32-91F1-1BC63B0B7023}"
EndProject
Project("{2150E333-8FDC-42A3-9474-1A3956D46DE8}") = "Samples", "Samples", "{AB41F162-522D-4745-B1D4-5C14051AD802}"
EndProject
Project("{9A19103F-16F7-4668-BE54-9A1E7A4F7556}") = "MondoCore.Security.FunctionalTests", "Test\MondoCore.Security.FunctionalTests\MondoCore.Security.FunctionalTests.csproj", "{3135F038-B3CA-420F-ACE9-68477D76BA83}"
EndProject
Project("{9A19103F-16F7-4668-BE54-9A1E7A4F7556}") = "MondoCore.Security", "MondoCore.Security\MondoCore.Security.csproj", "{1A204098-2384-4746-BCAE-2E64A7F7AFDF}"
EndProject
Project("{9A19103F-16F7-4668-BE54-9A1E7A4F7556}") = "EncryptionSample", "Samples\EncryptionSample\EncryptionSample.csproj", "{127B7463-8FFE-4216-8DD0-509570FA92C3}"
EndProject
Project("{2150E333-8FDC-42A3-9474-1A3956D46DE8}") = "Solution Items", "Solution Items", "{E1E9677B-3E3E-4EAA-8F27-D29ED7F43D64}"
	ProjectSection(SolutionItems) = preProject
		README.md = README.md
	EndProjectSection
EndProject
Global
	GlobalSection(SolutionConfigurationPlatforms) = preSolution
		Debug|Any CPU = Debug|Any CPU
		Debug|ARM = Debug|ARM
		Debug|ARM64 = Debug|ARM64
		Debug|x64 = Debug|x64
		Debug|x86 = Debug|x86
		Release|Any CPU = Release|Any CPU
		Release|ARM = Release|ARM
		Release|ARM64 = Release|ARM64
		Release|x64 = Release|x64
		Release|x86 = Release|x86
	EndGlobalSection
	GlobalSection(ProjectConfigurationPlatforms) = postSolution
		{5FA03415-C6FD-49AE-BA39-E5EE2D31FCC9}.Debug|Any CPU.ActiveCfg = Debug|Any CPU
		{5FA03415-C6FD-49AE-BA39-E5EE2D31FCC9}.Debug|Any CPU.Build.0 = Debug|Any CPU
		{5FA03415-C6FD-49AE-BA39-E5EE2D31FCC9}.Debug|ARM.ActiveCfg = Debug|Any CPU
		{5FA03415-C6FD-49AE-BA39-E5EE2D31FCC9}.Debug|ARM.Build.0 = Debug|Any CPU
		{5FA03415-C6FD-49AE-BA39-E5EE2D31FCC9}.Debug|ARM64.ActiveCfg = Debug|Any CPU
		{5FA03415-C6FD-49AE-BA39-E5EE2D31FCC9}.Debug|ARM64.Build.0 = Debug|Any CPU
		{5FA03415-C6FD-49AE-BA39-E5EE2D31FCC9}.Debug|x64.ActiveCfg = Debug|Any CPU
		{5FA03415-C6FD-49AE-BA39-E5EE2D31FCC9}.Debug|x64.Build.0 = Debug|Any CPU
		{5FA03415-C6FD-49AE-BA39-E5EE2D31FCC9}.Debug|x86.ActiveCfg = Debug|Any CPU
		{5FA03415-C6FD-49AE-BA39-E5EE2D31FCC9}.Debug|x86.Build.0 = Debug|Any CPU
		{5FA03415-C6FD-49AE-BA39-E5EE2D31FCC9}.Release|Any CPU.ActiveCfg = Release|Any CPU
		{5FA03415-C6FD-49AE-BA39-E5EE2D31FCC9}.Release|Any CPU.Build.0 = Release|Any CPU
		{5FA03415-C6FD-49AE-BA39-E5EE2D31FCC9}.Release|ARM.ActiveCfg = Release|Any CPU
		{5FA03415-C6FD-49AE-BA39-E5EE2D31FCC9}.Release|ARM.Build.0 = Release|Any CPU
		{5FA03415-C6FD-49AE-BA39-E5EE2D31FCC9}.Release|ARM64.ActiveCfg = Release|Any CPU
		{5FA03415-C6FD-49AE-BA39-E5EE2D31FCC9}.Release|ARM64.Build.0 = Release|Any CPU
		{5FA03415-C6FD-49AE-BA39-E5EE2D31FCC9}.Release|x64.ActiveCfg = Release|Any CPU
		{5FA03415-C6FD-49AE-BA39-E5EE2D31FCC9}.Release|x64.Build.0 = Release|Any CPU
		{5FA03415-C6FD-49AE-BA39-E5EE2D31FCC9}.Release|x86.ActiveCfg = Release|Any CPU
		{5FA03415-C6FD-49AE-BA39-E5EE2D31FCC9}.Release|x86.Build.0 = Release|Any CPU
		{CF3C1353-73FE-4C38-9BC4-CDAB93B7B20E}.Debug|Any CPU.ActiveCfg = Debug|Any CPU
		{CF3C1353-73FE-4C38-9BC4-CDAB93B7B20E}.Debug|Any CPU.Build.0 = Debug|Any CPU
		{CF3C1353-73FE-4C38-9BC4-CDAB93B7B20E}.Debug|ARM.ActiveCfg = Debug|Any CPU
		{CF3C1353-73FE-4C38-9BC4-CDAB93B7B20E}.Debug|ARM.Build.0 = Debug|Any CPU
		{CF3C1353-73FE-4C38-9BC4-CDAB93B7B20E}.Debug|ARM64.ActiveCfg = Debug|Any CPU
		{CF3C1353-73FE-4C38-9BC4-CDAB93B7B20E}.Debug|ARM64.Build.0 = Debug|Any CPU
		{CF3C1353-73FE-4C38-9BC4-CDAB93B7B20E}.Debug|x64.ActiveCfg = Debug|Any CPU
		{CF3C1353-73FE-4C38-9BC4-CDAB93B7B20E}.Debug|x64.Build.0 = Debug|Any CPU
		{CF3C1353-73FE-4C38-9BC4-CDAB93B7B20E}.Debug|x86.ActiveCfg = Debug|Any CPU
		{CF3C1353-73FE-4C38-9BC4-CDAB93B7B20E}.Debug|x86.Build.0 = Debug|Any CPU
		{CF3C1353-73FE-4C38-9BC4-CDAB93B7B20E}.Release|Any CPU.ActiveCfg = Release|Any CPU
		{CF3C1353-73FE-4C38-9BC4-CDAB93B7B20E}.Release|Any CPU.Build.0 = Release|Any CPU
		{CF3C1353-73FE-4C38-9BC4-CDAB93B7B20E}.Release|ARM.ActiveCfg = Release|Any CPU
		{CF3C1353-73FE-4C38-9BC4-CDAB93B7B20E}.Release|ARM.Build.0 = Release|Any CPU
		{CF3C1353-73FE-4C38-9BC4-CDAB93B7B20E}.Release|ARM64.ActiveCfg = Release|Any CPU
		{CF3C1353-73FE-4C38-9BC4-CDAB93B7B20E}.Release|ARM64.Build.0 = Release|Any CPU
		{CF3C1353-73FE-4C38-9BC4-CDAB93B7B20E}.Release|x64.ActiveCfg = Release|Any CPU
		{CF3C1353-73FE-4C38-9BC4-CDAB93B7B20E}.Release|x64.Build.0 = Release|Any CPU
		{CF3C1353-73FE-4C38-9BC4-CDAB93B7B20E}.Release|x86.ActiveCfg = Release|Any CPU
		{CF3C1353-73FE-4C38-9BC4-CDAB93B7B20E}.Release|x86.Build.0 = Release|Any CPU
		{5D3640DD-109E-4A32-91F1-1BC63B0B7023}.Debug|Any CPU.ActiveCfg = Debug|Any CPU
		{5D3640DD-109E-4A32-91F1-1BC63B0B7023}.Debug|Any CPU.Build.0 = Debug|Any CPU
		{5D3640DD-109E-4A32-91F1-1BC63B0B7023}.Debug|ARM.ActiveCfg = Debug|Any CPU
		{5D3640DD-109E-4A32-91F1-1BC63B0B7023}.Debug|ARM.Build.0 = Debug|Any CPU
		{5D3640DD-109E-4A32-91F1-1BC63B0B7023}.Debug|ARM64.ActiveCfg = Debug|Any CPU
		{5D3640DD-109E-4A32-91F1-1BC63B0B7023}.Debug|ARM64.Build.0 = Debug|Any CPU
		{5D3640DD-109E-4A32-91F1-1BC63B0B7023}.Debug|x64.ActiveCfg = Debug|Any CPU
		{5D3640DD-109E-4A32-91F1-1BC63B0B7023}.Debug|x64.Build.0 = Debug|Any CPU
		{5D3640DD-109E-4A32-91F1-1BC63B0B7023}.Debug|x86.ActiveCfg = Debug|Any CPU
		{5D3640DD-109E-4A32-91F1-1BC63B0B7023}.Debug|x86.Build.0 = Debug|Any CPU
		{5D3640DD-109E-4A32-91F1-1BC63B0B7023}.Release|Any CPU.ActiveCfg = Release|Any CPU
		{5D3640DD-109E-4A32-91F1-1BC63B0B7023}.Release|Any CPU.Build.0 = Release|Any CPU
		{5D3640DD-109E-4A32-91F1-1BC63B0B7023}.Release|ARM.ActiveCfg = Release|Any CPU
		{5D3640DD-109E-4A32-91F1-1BC63B0B7023}.Release|ARM.Build.0 = Release|Any CPU
		{5D3640DD-109E-4A32-91F1-1BC63B0B7023}.Release|ARM64.ActiveCfg = Release|Any CPU
		{5D3640DD-109E-4A32-91F1-1BC63B0B7023}.Release|ARM64.Build.0 = Release|Any CPU
		{5D3640DD-109E-4A32-91F1-1BC63B0B7023}.Release|x64.ActiveCfg = Release|Any CPU
		{5D3640DD-109E-4A32-91F1-1BC63B0B7023}.Release|x64.Build.0 = Release|Any CPU
		{5D3640DD-109E-4A32-91F1-1BC63B0B7023}.Release|x86.ActiveCfg = Release|Any CPU
		{5D3640DD-109E-4A32-91F1-1BC63B0B7023}.Release|x86.Build.0 = Release|Any CPU
		{3135F038-B3CA-420F-ACE9-68477D76BA83}.Debug|Any CPU.ActiveCfg = Debug|Any CPU
		{3135F038-B3CA-420F-ACE9-68477D76BA83}.Debug|Any CPU.Build.0 = Debug|Any CPU
		{3135F038-B3CA-420F-ACE9-68477D76BA83}.Debug|ARM.ActiveCfg = Debug|Any CPU
		{3135F038-B3CA-420F-ACE9-68477D76BA83}.Debug|ARM.Build.0 = Debug|Any CPU
		{3135F038-B3CA-420F-ACE9-68477D76BA83}.Debug|ARM64.ActiveCfg = Debug|Any CPU
		{3135F038-B3CA-420F-ACE9-68477D76BA83}.Debug|ARM64.Build.0 = Debug|Any CPU
		{3135F038-B3CA-420F-ACE9-68477D76BA83}.Debug|x64.ActiveCfg = Debug|Any CPU
		{3135F038-B3CA-420F-ACE9-68477D76BA83}.Debug|x64.Build.0 = Debug|Any CPU
		{3135F038-B3CA-420F-ACE9-68477D76BA83}.Debug|x86.ActiveCfg = Debug|Any CPU
		{3135F038-B3CA-420F-ACE9-68477D76BA83}.Debug|x86.Build.0 = Debug|Any CPU
		{3135F038-B3CA-420F-ACE9-68477D76BA83}.Release|Any CPU.ActiveCfg = Release|Any CPU
		{3135F038-B3CA-420F-ACE9-68477D76BA83}.Release|Any CPU.Build.0 = Release|Any CPU
		{3135F038-B3CA-420F-ACE9-68477D76BA83}.Release|ARM.ActiveCfg = Release|Any CPU
		{3135F038-B3CA-420F-ACE9-68477D76BA83}.Release|ARM.Build.0 = Release|Any CPU
		{3135F038-B3CA-420F-ACE9-68477D76BA83}.Release|ARM64.ActiveCfg = Release|Any CPU
		{3135F038-B3CA-420F-ACE9-68477D76BA83}.Release|ARM64.Build.0 = Release|Any CPU
		{3135F038-B3CA-420F-ACE9-68477D76BA83}.Release|x64.ActiveCfg = Release|Any CPU
		{3135F038-B3CA-420F-ACE9-68477D76BA83}.Release|x64.Build.0 = Release|Any CPU
		{3135F038-B3CA-420F-ACE9-68477D76BA83}.Release|x86.ActiveCfg = Release|Any CPU
		{3135F038-B3CA-420F-ACE9-68477D76BA83}.Release|x86.Build.0 = Release|Any CPU
		{1A204098-2384-4746-BCAE-2E64A7F7AFDF}.Debug|Any CPU.ActiveCfg = Debug|Any CPU
		{1A204098-2384-4746-BCAE-2E64A7F7AFDF}.Debug|Any CPU.Build.0 = Debug|Any CPU
		{1A204098-2384-4746-BCAE-2E64A7F7AFDF}.Debug|ARM.ActiveCfg = Debug|Any CPU
		{1A204098-2384-4746-BCAE-2E64A7F7AFDF}.Debug|ARM.Build.0 = Debug|Any CPU
		{1A204098-2384-4746-BCAE-2E64A7F7AFDF}.Debug|ARM64.ActiveCfg = Debug|Any CPU
		{1A204098-2384-4746-BCAE-2E64A7F7AFDF}.Debug|ARM64.Build.0 = Debug|Any CPU
		{1A204098-2384-4746-BCAE-2E64A7F7AFDF}.Debug|x64.ActiveCfg = Debug|Any CPU
		{1A204098-2384-4746-BCAE-2E64A7F7AFDF}.Debug|x64.Build.0 = Debug|Any CPU
		{1A204098-2384-4746-BCAE-2E64A7F7AFDF}.Debug|x86.ActiveCfg = Debug|Any CPU
		{1A204098-2384-4746-BCAE-2E64A7F7AFDF}.Debug|x86.Build.0 = Debug|Any CPU
		{1A204098-2384-4746-BCAE-2E64A7F7AFDF}.Release|Any CPU.ActiveCfg = Release|Any CPU
		{1A204098-2384-4746-BCAE-2E64A7F7AFDF}.Release|Any CPU.Build.0 = Release|Any CPU
		{1A204098-2384-4746-BCAE-2E64A7F7AFDF}.Release|ARM.ActiveCfg = Release|Any CPU
		{1A204098-2384-4746-BCAE-2E64A7F7AFDF}.Release|ARM.Build.0 = Release|Any CPU
		{1A204098-2384-4746-BCAE-2E64A7F7AFDF}.Release|ARM64.ActiveCfg = Release|Any CPU
		{1A204098-2384-4746-BCAE-2E64A7F7AFDF}.Release|ARM64.Build.0 = Release|Any CPU
		{1A204098-2384-4746-BCAE-2E64A7F7AFDF}.Release|x64.ActiveCfg = Release|Any CPU
		{1A204098-2384-4746-BCAE-2E64A7F7AFDF}.Release|x64.Build.0 = Release|Any CPU
		{1A204098-2384-4746-BCAE-2E64A7F7AFDF}.Release|x86.ActiveCfg = Release|Any CPU
		{1A204098-2384-4746-BCAE-2E64A7F7AFDF}.Release|x86.Build.0 = Release|Any CPU
		{127B7463-8FFE-4216-8DD0-509570FA92C3}.Debug|Any CPU.ActiveCfg = Debug|Any CPU
		{127B7463-8FFE-4216-8DD0-509570FA92C3}.Debug|Any CPU.Build.0 = Debug|Any CPU
		{127B7463-8FFE-4216-8DD0-509570FA92C3}.Debug|ARM.ActiveCfg = Debug|Any CPU
		{127B7463-8FFE-4216-8DD0-509570FA92C3}.Debug|ARM.Build.0 = Debug|Any CPU
		{127B7463-8FFE-4216-8DD0-509570FA92C3}.Debug|ARM64.ActiveCfg = Debug|Any CPU
		{127B7463-8FFE-4216-8DD0-509570FA92C3}.Debug|ARM64.Build.0 = Debug|Any CPU
		{127B7463-8FFE-4216-8DD0-509570FA92C3}.Debug|x64.ActiveCfg = Debug|Any CPU
		{127B7463-8FFE-4216-8DD0-509570FA92C3}.Debug|x64.Build.0 = Debug|Any CPU
		{127B7463-8FFE-4216-8DD0-509570FA92C3}.Debug|x86.ActiveCfg = Debug|Any CPU
		{127B7463-8FFE-4216-8DD0-509570FA92C3}.Debug|x86.Build.0 = Debug|Any CPU
		{127B7463-8FFE-4216-8DD0-509570FA92C3}.Release|Any CPU.ActiveCfg = Release|Any CPU
		{127B7463-8FFE-4216-8DD0-509570FA92C3}.Release|Any CPU.Build.0 = Release|Any CPU
		{127B7463-8FFE-4216-8DD0-509570FA92C3}.Release|ARM.ActiveCfg = Release|Any CPU
		{127B7463-8FFE-4216-8DD0-509570FA92C3}.Release|ARM.Build.0 = Release|Any CPU
		{127B7463-8FFE-4216-8DD0-509570FA92C3}.Release|ARM64.ActiveCfg = Release|Any CPU
		{127B7463-8FFE-4216-8DD0-509570FA92C3}.Release|ARM64.Build.0 = Release|Any CPU
		{127B7463-8FFE-4216-8DD0-509570FA92C3}.Release|x64.ActiveCfg = Release|Any CPU
		{127B7463-8FFE-4216-8DD0-509570FA92C3}.Release|x64.Build.0 = Release|Any CPU
		{127B7463-8FFE-4216-8DD0-509570FA92C3}.Release|x86.ActiveCfg = Release|Any CPU
		{127B7463-8FFE-4216-8DD0-509570FA92C3}.Release|x86.Build.0 = Release|Any CPU
	EndGlobalSection
	GlobalSection(SolutionProperties) = preSolution
		HideSolutionNode = FALSE
	EndGlobalSection
	GlobalSection(NestedProjects) = preSolution
		{5FA03415-C6FD-49AE-BA39-E5EE2D31FCC9} = {44A55359-92B0-4DFE-9C6D-F6F6791FEBD2}
		{CF3C1353-73FE-4C38-9BC4-CDAB93B7B20E} = {44A55359-92B0-4DFE-9C6D-F6F6791FEBD2}
		{3135F038-B3CA-420F-ACE9-68477D76BA83} = {44A55359-92B0-4DFE-9C6D-F6F6791FEBD2}
		{127B7463-8FFE-4216-8DD0-509570FA92C3} = {AB41F162-522D-4745-B1D4-5C14051AD802}
	EndGlobalSection
	GlobalSection(ExtensibilityGlobals) = postSolution
		SolutionGuid = {47D8695A-8DF4-4BE5-A6C8-7FB3516070B3}
	EndGlobalSection
EndGlobal
